
Microsoft Visual Studio Solution File, Format Version 12.00
# Visual Studio 2012
Project("{8BC9CEB8-8B4A-11D0-8D11-00A0C91BC942}") = "kissdb", "kissdb\kissdb.vcxproj", "{6D8E92F7-63C8-48FF-9D16-7A28B4358CB0}"
EndProject
Project("{8BC9CEB8-8B4A-11D0-8D11-00A0C91BC942}") = "enclave", "enclave\enclave.vcxproj", "{FD53C656-DF6D-4D74-9140-F18088D03FDF}"
EndProject
Global
	GlobalSection(SolutionConfigurationPlatforms) = preSolution
		Debug|Win32 = Debug|Win32
		Prerelease|Win32 = Prerelease|Win32
		Release|Win32 = Release|Win32
		Simulation|Win32 = Simulation|Win32
	EndGlobalSection
	GlobalSection(ProjectConfigurationPlatforms) = postSolution
		{6D8E92F7-63C8-48FF-9D16-7A28B4358CB0}.Debug|Win32.ActiveCfg = Debug|Win32
		{6D8E92F7-63C8-48FF-9D16-7A28B4358CB0}.Debug|Win32.Build.0 = Debug|Win32
		{6D8E92F7-63C8-48FF-9D16-7A28B4358CB0}.Prerelease|Win32.ActiveCfg = Release|Win32
		{6D8E92F7-63C8-48FF-9D16-7A28B4358CB0}.Prerelease|Win32.Build.0 = Release|Win32
		{6D8E92F7-63C8-48FF-9D16-7A28B4358CB0}.Release|Win32.ActiveCfg = Release|Win32
		{6D8E92F7-63C8-48FF-9D16-7A28B4358CB0}.Release|Win32.Build.0 = Release|Win32
		{6D8E92F7-63C8-48FF-9D16-7A28B4358CB0}.Simulation|Win32.ActiveCfg = Release|Win32
		{6D8E92F7-63C8-48FF-9D16-7A28B4358CB0}.Simulation|Win32.Build.0 = Release|Win32
		{FD53C656-DF6D-4D74-9140-F18088D03FDF}.Debug|Win32.ActiveCfg = Debug|Win32
		{FD53C656-DF6D-4D74-9140-F18088D03FDF}.Debug|Win32.Build.0 = Debug|Win32
		{FD53C656-DF6D-4D74-9140-F18088D03FDF}.Prerelease|Win32.ActiveCfg = Prerelease|Win32
		{FD53C656-DF6D-4D74-9140-F18088D03FDF}.Prerelease|Win32.Build.0 = Prerelease|Win32
		{FD53C656-DF6D-4D74-9140-F18088D03FDF}.Release|Win32.ActiveCfg = Release|Win32
		{FD53C656-DF6D-4D74-9140-F18088D03FDF}.Release|Win32.Build.0 = Release|Win32
		{FD53C656-DF6D-4D74-9140-F18088D03FDF}.Simulation|Win32.ActiveCfg = Simulation|Win32
		{FD53C656-DF6D-4D74-9140-F18088D03FDF}.Simulation|Win32.Build.0 = Simulation|Win32
	EndGlobalSection
	GlobalSection(SolutionProperties) = preSolution
		HideSolutionNode = FALSE
	EndGlobalSection
EndGlobal
